
Microsoft Visual Studio Solution File, Format Version 12.00
# Visual Studio Version 16
VisualStudioVersion = 16.0.30717.126
MinimumVisualStudioVersion = 10.0.40219.1
Project("{2150E333-8FDC-42A3-9474-1A3956D46DE8}") = "src", "src", "{868A6057-9D6F-4254-A2E3-5C51C0F2D0FE}"
EndProject
Project("{2150E333-8FDC-42A3-9474-1A3956D46DE8}") = "Catalog", "Catalog", "{4FEA7AAD-7BD1-4A69-886F-F92FD6EE9D19}"
EndProject
Project("{9A19103F-16F7-4668-BE54-9A1E7A4F7556}") = "Catalog.API", "src\Catalog\Catalog.API\Catalog.API.csproj", "{A9976378-B7E2-4EA4-9FB4-2E345A5AC2F9}"
EndProject
Project("{E53339B2-1760-4266-BCC7-CA923CBCF16C}") = "docker-compose", "docker-compose.dcproj", "{1F19A7CD-569B-45F4-A8BC-522E98694E8C}"
EndProject
Project("{2150E333-8FDC-42A3-9474-1A3956D46DE8}") = "Basket", "Basket", "{11D044D0-F37B-4BF3-9B52-9DC2CDAC203F}"
EndProject
Project("{9A19103F-16F7-4668-BE54-9A1E7A4F7556}") = "Basket.API", "src\Basket\Basket.API\Basket.API.csproj", "{5D83D1F8-0DD0-455D-AAD0-6CEF9D5F6941}"
EndProject
Project("{2150E333-8FDC-42A3-9474-1A3956D46DE8}") = "Common", "Common", "{B1EAA045-B56C-49B2-BCF4-F652EDFCE6B0}"
EndProject
Project("{9A19103F-16F7-4668-BE54-9A1E7A4F7556}") = "EventBusRabbitMQ", "src\Common\EventBusRabbitMQ\EventBusRabbitMQ.csproj", "{D4FB30F0-DBB0-474C-997F-EDF9C7628C92}"
EndProject
Project("{2150E333-8FDC-42A3-9474-1A3956D46DE8}") = "Ordering", "Ordering", "{EED402A0-91C9-401A-BE56-E506ABD86DEA}"
EndProject
Project("{9A19103F-16F7-4668-BE54-9A1E7A4F7556}") = "Ordering.API", "src\Ordering\Ordering.API\Ordering.API.csproj", "{F7F9FF22-205C-47B5-A60D-C88ACF346390}"
EndProject
Project("{9A19103F-16F7-4668-BE54-9A1E7A4F7556}") = "Ordering.Core", "src\Ordering\Ordering.Core\Ordering.Core.csproj", "{21EA9C23-0F8C-4612-9EA8-B782E0C9B199}"
EndProject
Project("{9A19103F-16F7-4668-BE54-9A1E7A4F7556}") = "Ordering.Infrastructure", "src\Ordering\Ordering.Infrastructure\Ordering.Infrastructure.csproj", "{15E8E6C5-3F80-47A6-8495-5A1EEDDA9654}"
EndProject
Project("{9A19103F-16F7-4668-BE54-9A1E7A4F7556}") = "Ordering.Application", "src\Ordering\Ordering.Application\Ordering.Application.csproj", "{D8323C5D-5587-4694-9719-17236D06340D}"
EndProject
Global
	GlobalSection(SolutionConfigurationPlatforms) = preSolution
		Debug|Any CPU = Debug|Any CPU
		Release|Any CPU = Release|Any CPU
	EndGlobalSection
	GlobalSection(ProjectConfigurationPlatforms) = postSolution
		{A9976378-B7E2-4EA4-9FB4-2E345A5AC2F9}.Debug|Any CPU.ActiveCfg = Debug|Any CPU
		{A9976378-B7E2-4EA4-9FB4-2E345A5AC2F9}.Debug|Any CPU.Build.0 = Debug|Any CPU
		{A9976378-B7E2-4EA4-9FB4-2E345A5AC2F9}.Release|Any CPU.ActiveCfg = Release|Any CPU
		{A9976378-B7E2-4EA4-9FB4-2E345A5AC2F9}.Release|Any CPU.Build.0 = Release|Any CPU
		{1F19A7CD-569B-45F4-A8BC-522E98694E8C}.Debug|Any CPU.ActiveCfg = Debug|Any CPU
		{1F19A7CD-569B-45F4-A8BC-522E98694E8C}.Debug|Any CPU.Build.0 = Debug|Any CPU
		{1F19A7CD-569B-45F4-A8BC-522E98694E8C}.Release|Any CPU.ActiveCfg = Release|Any CPU
		{1F19A7CD-569B-45F4-A8BC-522E98694E8C}.Release|Any CPU.Build.0 = Release|Any CPU
		{5D83D1F8-0DD0-455D-AAD0-6CEF9D5F6941}.Debug|Any CPU.ActiveCfg = Debug|Any CPU
		{5D83D1F8-0DD0-455D-AAD0-6CEF9D5F6941}.Debug|Any CPU.Build.0 = Debug|Any CPU
		{5D83D1F8-0DD0-455D-AAD0-6CEF9D5F6941}.Release|Any CPU.ActiveCfg = Release|Any CPU
		{5D83D1F8-0DD0-455D-AAD0-6CEF9D5F6941}.Release|Any CPU.Build.0 = Release|Any CPU
		{D4FB30F0-DBB0-474C-997F-EDF9C7628C92}.Debug|Any CPU.ActiveCfg = Debug|Any CPU
		{D4FB30F0-DBB0-474C-997F-EDF9C7628C92}.Debug|Any CPU.Build.0 = Debug|Any CPU
		{D4FB30F0-DBB0-474C-997F-EDF9C7628C92}.Release|Any CPU.ActiveCfg = Release|Any CPU
		{D4FB30F0-DBB0-474C-997F-EDF9C7628C92}.Release|Any CPU.Build.0 = Release|Any CPU
		{F7F9FF22-205C-47B5-A60D-C88ACF346390}.Debug|Any CPU.ActiveCfg = Debug|Any CPU
		{F7F9FF22-205C-47B5-A60D-C88ACF346390}.Debug|Any CPU.Build.0 = Debug|Any CPU
		{F7F9FF22-205C-47B5-A60D-C88ACF346390}.Release|Any CPU.ActiveCfg = Release|Any CPU
		{F7F9FF22-205C-47B5-A60D-C88ACF346390}.Release|Any CPU.Build.0 = Release|Any CPU
		{21EA9C23-0F8C-4612-9EA8-B782E0C9B199}.Debug|Any CPU.ActiveCfg = Debug|Any CPU
		{21EA9C23-0F8C-4612-9EA8-B782E0C9B199}.Debug|Any CPU.Build.0 = Debug|Any CPU
		{21EA9C23-0F8C-4612-9EA8-B782E0C9B199}.Release|Any CPU.ActiveCfg = Release|Any CPU
		{21EA9C23-0F8C-4612-9EA8-B782E0C9B199}.Release|Any CPU.Build.0 = Release|Any CPU
		{15E8E6C5-3F80-47A6-8495-5A1EEDDA9654}.Debug|Any CPU.ActiveCfg = Debug|Any CPU
		{15E8E6C5-3F80-47A6-8495-5A1EEDDA9654}.Debug|Any CPU.Build.0 = Debug|Any CPU
		{15E8E6C5-3F80-47A6-8495-5A1EEDDA9654}.Release|Any CPU.ActiveCfg = Release|Any CPU
		{15E8E6C5-3F80-47A6-8495-5A1EEDDA9654}.Release|Any CPU.Build.0 = Release|Any CPU
		{D8323C5D-5587-4694-9719-17236D06340D}.Debug|Any CPU.ActiveCfg = Debug|Any CPU
		{D8323C5D-5587-4694-9719-17236D06340D}.Debug|Any CPU.Build.0 = Debug|Any CPU
		{D8323C5D-5587-4694-9719-17236D06340D}.Release|Any CPU.ActiveCfg = Release|Any CPU
		{D8323C5D-5587-4694-9719-17236D06340D}.Release|Any CPU.Build.0 = Release|Any CPU
	EndGlobalSection
	GlobalSection(SolutionProperties) = preSolution
		HideSolutionNode = FALSE
	EndGlobalSection
	GlobalSection(NestedProjects) = preSolution
		{4FEA7AAD-7BD1-4A69-886F-F92FD6EE9D19} = {868A6057-9D6F-4254-A2E3-5C51C0F2D0FE}
		{A9976378-B7E2-4EA4-9FB4-2E345A5AC2F9} = {4FEA7AAD-7BD1-4A69-886F-F92FD6EE9D19}
		{11D044D0-F37B-4BF3-9B52-9DC2CDAC203F} = {868A6057-9D6F-4254-A2E3-5C51C0F2D0FE}
		{5D83D1F8-0DD0-455D-AAD0-6CEF9D5F6941} = {11D044D0-F37B-4BF3-9B52-9DC2CDAC203F}
		{B1EAA045-B56C-49B2-BCF4-F652EDFCE6B0} = {868A6057-9D6F-4254-A2E3-5C51C0F2D0FE}
		{D4FB30F0-DBB0-474C-997F-EDF9C7628C92} = {B1EAA045-B56C-49B2-BCF4-F652EDFCE6B0}
		{EED402A0-91C9-401A-BE56-E506ABD86DEA} = {868A6057-9D6F-4254-A2E3-5C51C0F2D0FE}
		{F7F9FF22-205C-47B5-A60D-C88ACF346390} = {EED402A0-91C9-401A-BE56-E506ABD86DEA}
		{21EA9C23-0F8C-4612-9EA8-B782E0C9B199} = {EED402A0-91C9-401A-BE56-E506ABD86DEA}
		{15E8E6C5-3F80-47A6-8495-5A1EEDDA9654} = {EED402A0-91C9-401A-BE56-E506ABD86DEA}
		{D8323C5D-5587-4694-9719-17236D06340D} = {EED402A0-91C9-401A-BE56-E506ABD86DEA}
	EndGlobalSection
	GlobalSection(ExtensibilityGlobals) = postSolution
		SolutionGuid = {FB3D9617-D717-4832-AC46-42C1325063AE}
	EndGlobalSection
EndGlobal
